PODS:
  - HEREMapsStarter (3.10.0)
  - SwiftLint (0.30.1)

DEPENDENCIES:
  - HEREMapsStarter
  - SwiftLint

SPEC REPOS:
  https://github.com/cocoapods/specs.git:
    - HEREMapsStarter
    - SwiftLint

SPEC CHECKSUMS:
  HEREMapsStarter: b5bfecc2babaed63f4d82cf7c49c3a4107128ccc
  SwiftLint: a54bf1fe12b55c68560eb2a7689dfc81458508f7

PODFILE CHECKSUM: 11c6549b33ea5b540e0f931b9b20441cbb71e16a

COCOAPODS: 1.6.0
